// !$*UTF8*$!
{
	archiveVersion = 1;
	classes = {
	};
	objectVersion = 46;
	objects = {

/* Begin PBXBuildFile section */
		75FBEBBB0C2227CA90BF9629 /* Pods_Twitter.framework in Frameworks */ = {isa = PBXBuildFile; fileRef = D0AE9C0D99B79EA5DA3248ED /* Pods_Twitter.framework */; };
		9514D1FD1E6EAA750069687D /* AppDelegate.swift in Sources */ = {isa = PBXBuildFile; fileRef = 9514D1FC1E6EAA750069687D /* AppDelegate.swift */; };
		9514D1FF1E6EAA750069687D /* ViewController.swift in Sources */ = {isa = PBXBuildFile; fileRef = 9514D1FE1E6EAA750069687D /* ViewController.swift */; };
		9514D2041E6EAA750069687D /* Assets.xcassets in Resources */ = {isa = PBXBuildFile; fileRef = 9514D2031E6EAA750069687D /* Assets.xcassets */; };
		9514D2071E6EAA750069687D /* LaunchScreen.storyboard in Resources */ = {isa = PBXBuildFile; fileRef = 9514D2051E6EAA750069687D /* LaunchScreen.storyboard */; };
		9514D20F1E6EAEA90069687D /* HomeController.swift in Sources */ = {isa = PBXBuildFile; fileRef = 9514D20E1E6EAEA90069687D /* HomeController.swift */; };
		9514D2111E704A9C0069687D /* HomeDataSourceController.swift in Sources */ = {isa = PBXBuildFile; fileRef = 9514D2101E704A9C0069687D /* HomeDataSourceController.swift */; };
		957E97D91E72E9EC005BD2BE /* UserHeaderFooter.swift in Sources */ = {isa = PBXBuildFile; fileRef = 957E97D81E72E9EC005BD2BE /* UserHeaderFooter.swift */; };
		957E97DB1E72EA14005BD2BE /* HomeDataSource.swift in Sources */ = {isa = PBXBuildFile; fileRef = 957E97DA1E72EA14005BD2BE /* HomeDataSource.swift */; };
		957E97DD1E770210005BD2BE /* User.swift in Sources */ = {isa = PBXBuildFile; fileRef = 957E97DC1E770210005BD2BE /* User.swift */; };
		957E97DF1E771201005BD2BE /* UserCell.swift in Sources */ = {isa = PBXBuildFile; fileRef = 957E97DE1E771201005BD2BE /* UserCell.swift */; };
		957E97E11E780566005BD2BE /* HomeDataSourceController+navbar.swift in Sources */ = {isa = PBXBuildFile; fileRef = 957E97E01E780566005BD2BE /* HomeDataSourceController+navbar.swift */; };
		957E97E31E78421E005BD2BE /* TweetCell.swift in Sources */ = {isa = PBXBuildFile; fileRef = 957E97E21E78421E005BD2BE /* TweetCell.swift */; };
		957E97E51E78DD1C005BD2BE /* Tweet.swift in Sources */ = {isa = PBXBuildFile; fileRef = 957E97E41E78DD1C005BD2BE /* Tweet.swift */; };
		95F293231E7E32E90018D986 /* Service.swift in Sources */ = {isa = PBXBuildFile; fileRef = 95F293221E7E32E90018D986 /* Service.swift */; };
/* End PBXBuildFile section */

/* Begin PBXFileReference section */
		9514D1F91E6EAA750069687D /* Twitter.app */ = {isa = PBXFileReference; explicitFileType = wrapper.application; includeInIndex = 0; path = Twitter.app; sourceTree = BUILT_PRODUCTS_DIR; };
		9514D1FC1E6EAA750069687D /* AppDelegate.swift */ = {isa = PBXFileReference; lastKnownFileType = sourcecode.swift; path = AppDelegate.swift; sourceTree = "<group>"; };
		9514D1FE1E6EAA750069687D /* ViewController.swift */ = {isa = PBXFileReference; lastKnownFileType = sourcecode.swift; path = ViewController.swift; sourceTree = "<group>"; };
		9514D2031E6EAA750069687D /* Assets.xcassets */ = {isa = PBXFileReference; lastKnownFileType = folder.assetcatalog; path = Assets.xcassets; sourceTree = "<group>"; };
		9514D2061E6EAA750069687D /* Base */ = {isa = PBXFileReference; lastKnownFileType = file.storyboard; name = Base; path = Base.lproj/LaunchScreen.storyboard; sourceTree = "<group>"; };
		9514D2081E6EAA750069687D /* Info.plist */ = {isa = PBXFileReference; lastKnownFileType = text.plist.xml; path = Info.plist; sourceTree = "<group>"; };
		9514D20E1E6EAEA90069687D /* HomeController.swift */ = {isa = PBXFileReference; fileEncoding = 4; lastKnownFileType = sourcecode.swift; path = HomeController.swift; sourceTree = "<group>"; };
		9514D2101E704A9C0069687D /* HomeDataSourceController.swift */ = {isa = PBXFileReference; fileEncoding = 4; lastKnownFileType = sourcecode.swift; path = HomeDataSourceController.swift; sourceTree = "<group>"; };
		957E97D81E72E9EC005BD2BE /* UserHeaderFooter.swift */ = {isa = PBXFileReference; fileEncoding = 4; lastKnownFileType = sourcecode.swift; path = UserHeaderFooter.swift; sourceTree = "<group>"; };
		957E97DA1E72EA14005BD2BE /* HomeDataSource.swift */ = {isa = PBXFileReference; fileEncoding = 4; lastKnownFileType = sourcecode.swift; path = HomeDataSource.swift; sourceTree = "<group>"; };
		957E97DC1E770210005BD2BE /* User.swift */ = {isa = PBXFileReference; fileEncoding = 4; lastKnownFileType = sourcecode.swift; path = User.swift; sourceTree = "<group>"; };
		957E97DE1E771201005BD2BE /* UserCell.swift */ = {isa = PBXFileReference; fileEncoding = 4; lastKnownFileType = sourcecode.swift; path = UserCell.swift; sourceTree = "<group>"; };
		957E97E01E780566005BD2BE /* HomeDataSourceController+navbar.swift */ = {isa = PBXFileReference; fileEncoding = 4; lastKnownFileType = sourcecode.swift; path = "HomeDataSourceController+navbar.swift"; sourceTree = "<group>"; };
		957E97E21E78421E005BD2BE /* TweetCell.swift */ = {isa = PBXFileReference; fileEncoding = 4; lastKnownFileType = sourcecode.swift; path = TweetCell.swift; sourceTree = "<group>"; };
		957E97E41E78DD1C005BD2BE /* Tweet.swift */ = {isa = PBXFileReference; fileEncoding = 4; lastKnownFileType = sourcecode.swift; path = Tweet.swift; sourceTree = "<group>"; };
		95F293221E7E32E90018D986 /* Service.swift */ = {isa = PBXFileReference; fileEncoding = 4; lastKnownFileType = sourcecode.swift; path = Service.swift; sourceTree = "<group>"; };
		C4BC513B37C8F914E7B04C26 /* Pods-Twitter.debug.xcconfig */ = {isa = PBXFileReference; includeInIndex = 1; lastKnownFileType = text.xcconfig; name = "Pods-Twitter.debug.xcconfig"; path = "Pods/Target Support Files/Pods-Twitter/Pods-Twitter.debug.xcconfig"; sourceTree = "<group>"; };
		D0AE9C0D99B79EA5DA3248ED /* Pods_Twitter.framework */ = {isa = PBXFileReference; explicitFileType = wrapper.framework; includeInIndex = 0; path = Pods_Twitter.framework; sourceTree = BUILT_PRODUCTS_DIR; };
		F318C5FC46EA3E3EA8B98E2D /* Pods-Twitter.release.xcconfig */ = {isa = PBXFileReference; includeInIndex = 1; lastKnownFileType = text.xcconfig; name = "Pods-Twitter.release.xcconfig"; path = "Pods/Target Support Files/Pods-Twitter/Pods-Twitter.release.xcconfig"; sourceTree = "<group>"; };
/* End PBXFileReference section */

/* Begin PBXFrameworksBuildPhase section */
		9514D1F61E6EAA750069687D /* Frameworks */ = {
			isa = PBXFrameworksBuildPhase;
			buildActionMask = 2147483647;
			files = (
				75FBEBBB0C2227CA90BF9629 /* Pods_Twitter.framework in Frameworks */,
			);
			runOnlyForDeploymentPostprocessing = 0;
		};
/* End PBXFrameworksBuildPhase section */

/* Begin PBXGroup section */
		1794D2C1A2F73795D99E6351 /* Pods */ = {
			isa = PBXGroup;
			children = (
				C4BC513B37C8F914E7B04C26 /* Pods-Twitter.debug.xcconfig */,
				F318C5FC46EA3E3EA8B98E2D /* Pods-Twitter.release.xcconfig */,
			);
			name = Pods;
			sourceTree = "<group>";
		};
		9514D1F01E6EAA750069687D = {
			isa = PBXGroup;
			children = (
				9514D1FB1E6EAA750069687D /* Twitter */,
				9514D1FA1E6EAA750069687D /* Products */,
				1794D2C1A2F73795D99E6351 /* Pods */,
				BF350A9F1F116850110399A0 /* Frameworks */,
			);
			sourceTree = "<group>";
		};
		9514D1FA1E6EAA750069687D /* Products */ = {
			isa = PBXGroup;
			children = (
				9514D1F91E6EAA750069687D /* Twitter.app */,
			);
			name = Products;
			sourceTree = "<group>";
		};
		9514D1FB1E6EAA750069687D /* Twitter */ = {
			isa = PBXGroup;
			children = (
				95F293211E7E32DE0018D986 /* Service */,
				957E97D71E72E9DD005BD2BE /* Controller */,
				957E97D61E72E9D6005BD2BE /* View */,
				957E97D51E72E9CD005BD2BE /* Model */,
				9514D1FC1E6EAA750069687D /* AppDelegate.swift */,
				9514D1FE1E6EAA750069687D /* ViewController.swift */,
				9514D20E1E6EAEA90069687D /* HomeController.swift */,
				9514D2031E6EAA750069687D /* Assets.xcassets */,
				9514D2051E6EAA750069687D /* LaunchScreen.storyboard */,
				9514D2081E6EAA750069687D /* Info.plist */,
			);
			path = Twitter;
			sourceTree = "<group>";
		};
		957E97D51E72E9CD005BD2BE /* Model */ = {
			isa = PBXGroup;
			children = (
				957E97DA1E72EA14005BD2BE /* HomeDataSource.swift */,
				957E97DC1E770210005BD2BE /* User.swift */,
				957E97E41E78DD1C005BD2BE /* Tweet.swift */,
			);
			name = Model;
			sourceTree = "<group>";
		};
		957E97D61E72E9D6005BD2BE /* View */ = {
			isa = PBXGroup;
			children = (
				957E97D81E72E9EC005BD2BE /* UserHeaderFooter.swift */,
				957E97DE1E771201005BD2BE /* UserCell.swift */,
				957E97E21E78421E005BD2BE /* TweetCell.swift */,
			);
			name = View;
			sourceTree = "<group>";
		};
		957E97D71E72E9DD005BD2BE /* Controller */ = {
			isa = PBXGroup;
			children = (
				9514D2101E704A9C0069687D /* HomeDataSourceController.swift */,
				957E97E01E780566005BD2BE /* HomeDataSourceController+navbar.swift */,
			);
			name = Controller;
			sourceTree = "<group>";
		};
		95F293211E7E32DE0018D986 /* Service */ = {
			isa = PBXGroup;
			children = (
				95F293221E7E32E90018D986 /* Service.swift */,
			);
			name = Service;
			sourceTree = "<group>";
		};
		BF350A9F1F116850110399A0 /* Frameworks */ = {
			isa = PBXGroup;
			children = (
				D0AE9C0D99B79EA5DA3248ED /* Pods_Twitter.framework */,
			);
			name = Frameworks;
			sourceTree = "<group>";
		};
/* End PBXGroup section */

/* Begin PBXNativeTarget section */
		9514D1F81E6EAA750069687D /* Twitter */ = {
			isa = PBXNativeTarget;
			buildConfigurationList = 9514D20B1E6EAA750069687D /* Build configuration list for PBXNativeTarget "Twitter" */;
			buildPhases = (
				4A14087E3EBCD16EE6B03713 /* [CP] Check Pods Manifest.lock */,
				9514D1F51E6EAA750069687D /* Sources */,
				9514D1F61E6EAA750069687D /* Frameworks */,
				9514D1F71E6EAA750069687D /* Resources */,
				AB407E97CEECEA3EB68088CF /* [CP] Embed Pods Frameworks */,
				73920B3A294BF3AEBA947E44 /* [CP] Copy Pods Resources */,
			);
			buildRules = (
			);
			dependencies = (
			);
			name = Twitter;
			productName = Twitter;
			productReference = 9514D1F91E6EAA750069687D /* Twitter.app */;
			productType = "com.apple.product-type.application";
		};
/* End PBXNativeTarget section */

/* Begin PBXProject section */
		9514D1F11E6EAA750069687D /* Project object */ = {
			isa = PBXProject;
			attributes = {
				LastSwiftUpdateCheck = 0820;
				LastUpgradeCheck = 0820;
				ORGANIZATIONNAME = Abzster;
				TargetAttributes = {
					9514D1F81E6EAA750069687D = {
						CreatedOnToolsVersion = 8.2.1;
						DevelopmentTeam = 3AGQWW63W5;
						ProvisioningStyle = Automatic;
					};
				};
			};
			buildConfigurationList = 9514D1F41E6EAA750069687D /* Build configuration list for PBXProject "Twitter" */;
			compatibilityVersion = "Xcode 3.2";
			developmentRegion = English;
			hasScannedForEncodings = 0;
			knownRegions = (
				en,
				Base,
			);
			mainGroup = 9514D1F01E6EAA750069687D;
			productRefGroup = 9514D1FA1E6EAA750069687D /* Products */;
			projectDirPath = "";
			projectRoot = "";
			targets = (
				9514D1F81E6EAA750069687D /* Twitter */,
			);
		};
/* End PBXProject section */

/* Begin PBXResourcesBuildPhase section */
		9514D1F71E6EAA750069687D /* Resources */ = {
			isa = PBXResourcesBuildPhase;
			buildActionMask = 2147483647;
			files = (
				9514D2071E6EAA750069687D /* LaunchScreen.storyboard in Resources */,
				9514D2041E6EAA750069687D /* Assets.xcassets in Resources */,
			);
			runOnlyForDeploymentPostprocessing = 0;
		};
/* End PBXResourcesBuildPhase section */

/* Begin PBXShellScriptBuildPhase section */
		4A14087E3EBCD16EE6B03713 /* [CP] Check Pods Manifest.lock */ = {
			isa = PBXShellScriptBuildPhase;
			buildActionMask = 2147483647;
			files = (
			);
			inputPaths = (
			);
			name = "[CP] Check Pods Manifest.lock";
			outputPaths = (
			);
			runOnlyForDeploymentPostprocessing = 0;
			shellPath = /bin/sh;
			shellScript = "diff \"${PODS_ROOT}/../Podfile.lock\" \"${PODS_ROOT}/Manifest.lock\" > /dev/null\nif [ $? != 0 ] ; then\n    # print error to STDERR\n    echo \"error: The sandbox is not in sync with the Podfile.lock. Run 'pod install' or update your CocoaPods installation.\" >&2\n    exit 1\nfi\n";
			showEnvVarsInLog = 0;
		};
		73920B3A294BF3AEBA947E44 /* [CP] Copy Pods Resources */ = {
			isa = PBXShellScriptBuildPhase;
			buildActionMask = 2147483647;
			files = (
			);
			inputPaths = (
			);
			name = "[CP] Copy Pods Resources";
			outputPaths = (
			);
			runOnlyForDeploymentPostprocessing = 0;
			shellPath = /bin/sh;
			shellScript = "\"${SRCROOT}/Pods/Target Support Files/Pods-Twitter/Pods-Twitter-resources.sh\"\n";
			showEnvVarsInLog = 0;
		};
		AB407E97CEECEA3EB68088CF /* [CP] Embed Pods Frameworks */ = {
			isa = PBXShellScriptBuildPhase;
			buildActionMask = 2147483647;
			files = (
			);
			inputPaths = (
			);
			name = "[CP] Embed Pods Frameworks";
			outputPaths = (
			);
			runOnlyForDeploymentPostprocessing = 0;
			shellPath = /bin/sh;
			shellScript = "\"${SRCROOT}/Pods/Target Support Files/Pods-Twitter/Pods-Twitter-frameworks.sh\"\n";
			showEnvVarsInLog = 0;
		};
/* End PBXShellScriptBuildPhase section */

/* Begin PBXSourcesBuildPhase section */
		9514D1F51E6EAA750069687D /* Sources */ = {
			isa = PBXSourcesBuildPhase;
			buildActionMask = 2147483647;
			files = (
				957E97DF1E771201005BD2BE /* UserCell.swift in Sources */,
				95F293231E7E32E90018D986 /* Service.swift in Sources */,
				9514D1FF1E6EAA750069687D /* ViewController.swift in Sources */,
				957E97DB1E72EA14005BD2BE /* HomeDataSource.swift in Sources */,
				9514D2111E704A9C0069687D /* HomeDataSourceController.swift in Sources */,
				9514D1FD1E6EAA750069687D /* AppDelegate.swift in Sources */,
				9514D20F1E6EAEA90069687D /* HomeController.swift in Sources */,
				957E97D91E72E9EC005BD2BE /* UserHeaderFooter.swift in Sources */,
				957E97E31E78421E005BD2BE /* TweetCell.swift in Sources */,
				957E97DD1E770210005BD2BE /* User.swift in Sources */,
				957E97E11E780566005BD2BE /* HomeDataSourceController+navbar.swift in Sources */,
				957E97E51E78DD1C005BD2BE /* Tweet.swift in Sources */,
			);
			runOnlyForDeploymentPostprocessing = 0;
		};
/* End PBXSourcesBuildPhase section */

/* Begin PBXVariantGroup section */
		9514D2051E6EAA750069687D /* LaunchScreen.storyboard */ = {
			isa = PBXVariantGroup;
			children = (
				9514D2061E6EAA750069687D /* Base */,
			);
			name = LaunchScreen.storyboard;
			sourceTree = "<group>";
		};
/* End PBXVariantGroup section */

/* Begin XCBuildConfiguration section */
		9514D2091E6EAA750069687D /* Debug */ = {
			isa = XCBuildConfiguration;
			buildSettings = {
				ALWAYS_SEARCH_USER_PATHS = NO;
				CLANG_ANALYZER_NONNULL = YES;
				CLANG_CXX_LANGUAGE_STANDARD = "gnu++0x";
				CLANG_CXX_LIBRARY = "libc++";
				CLANG_ENABLE_MODULES = YES;
				CLANG_ENABLE_OBJC_ARC = YES;
				CLANG_WARN_BOOL_CONVERSION = YES;
				CLANG_WARN_CONSTANT_CONVERSION = YES;
				CLANG_WARN_DIRECT_OBJC_ISA_USAGE = YES_ERROR;
				CLANG_WARN_DOCUMENTATION_COMMENTS = YES;
				CLANG_WARN_EMPTY_BODY = YES;
				CLANG_WARN_ENUM_CONVERSION = YES;
				CLANG_WARN_INFINITE_RECURSION = YES;
				CLANG_WARN_INT_CONVERSION = YES;
				CLANG_WARN_OBJC_ROOT_CLASS = YES_ERROR;
				CLANG_WARN_SUSPICIOUS_MOVE = YES;
				CLANG_WARN_UNREACHABLE_CODE = YES;
				CLANG_WARN__DUPLICATE_METHOD_MATCH = YES;
				"CODE_SIGN_IDENTITY[sdk=iphoneos*]" = "iPhone Developer";
				COPY_PHASE_STRIP = NO;
				DEBUG_INFORMATION_FORMAT = dwarf;
				ENABLE_STRICT_OBJC_MSGSEND = YES;
				ENABLE_TESTABILITY = YES;
				GCC_C_LANGUAGE_STANDARD = gnu99;
				GCC_DYNAMIC_NO_PIC = NO;
				GCC_NO_COMMON_BLOCKS = YES;
				GCC_OPTIMIZATION_LEVEL = 0;
				GCC_PREPROCESSOR_DEFINITIONS = (
					"DEBUG=1",
					"$(inherited)",
				);
				GCC_WARN_64_TO_32_BIT_CONVERSION = YES;
				GCC_WARN_ABOUT_RETURN_TYPE = YES_ERROR;
				GCC_WARN_UNDECLARED_SELECTOR = YES;
				GCC_WARN_UNINITIALIZED_AUTOS = YES_AGGRESSIVE;
				GCC_WARN_UNUSED_FUNCTION = YES;
				GCC_WARN_UNUSED_VARIABLE = YES;
				IPHONEOS_DEPLOYMENT_TARGET = 10.2;
				MTL_ENABLE_DEBUG_INFO = YES;
				ONLY_ACTIVE_ARCH = YES;
				SDKROOT = iphoneos;
				SWIFT_ACTIVE_COMPILATION_CONDITIONS = DEBUG;
				SWIFT_OPTIMIZATION_LEVEL = "-Onone";
				TARGETED_DEVICE_FAMILY = "1,2";
			};
			name = Debug;
		};
		9514D20A1E6EAA750069687D /* Release */ = {
			isa = XCBuildConfiguration;
			buildSettings = {
				ALWAYS_SEARCH_USER_PATHS = NO;
				CLANG_ANALYZER_NONNULL = YES;
				CLANG_CXX_LANGUAGE_STANDARD = "gnu++0x";
				CLANG_CXX_LIBRARY = "libc++";
				CLANG_ENABLE_MODULES = YES;
				CLANG_ENABLE_OBJC_ARC = YES;
				CLANG_WARN_BOOL_CONVERSION = YES;
				CLANG_WARN_CONSTANT_CONVERSION = YES;
				CLANG_WARN_DIRECT_OBJC_ISA_USAGE = YES_ERROR;
				CLANG_WARN_DOCUMENTATION_COMMENTS = YES;
				CLANG_WARN_EMPTY_BODY = YES;
				CLANG_WARN_ENUM_CONVERSION = YES;
				CLANG_WARN_INFINITE_RECURSION = YES;
				CLANG_WARN_INT_CONVERSION = YES;
				CLANG_WARN_OBJC_ROOT_CLASS = YES_ERROR;
				CLANG_WARN_SUSPICIOUS_MOVE = YES;
				CLANG_WARN_UNREACHABLE_CODE = YES;
				CLANG_WARN__DUPLICATE_METHOD_MATCH = YES;
				"CODE_SIGN_IDENTITY[sdk=iphoneos*]" = "iPhone Developer";
				COPY_PHASE_STRIP = NO;
				DEBUG_INFORMATION_FORMAT = "dwarf-with-dsym";
				ENABLE_NS_ASSERTIONS = NO;
				ENABLE_STRICT_OBJC_MSGSEND = YES;
				GCC_C_LANGUAGE_STANDARD = gnu99;
				GCC_NO_COMMON_BLOCKS = YES;
				GCC_WARN_64_TO_32_BIT_CONVERSION = YES;
				GCC_WARN_ABOUT_RETURN_TYPE = YES_ERROR;
				GCC_WARN_UNDECLARED_SELECTOR = YES;
				GCC_WARN_UNINITIALIZED_AUTOS = YES_AGGRESSIVE;
				GCC_WARN_UNUSED_FUNCTION = YES;
				GCC_WARN_UNUSED_VARIABLE = YES;
				IPHONEOS_DEPLOYMENT_TARGET = 10.2;
				MTL_ENABLE_DEBUG_INFO = NO;
				SDKROOT = iphoneos;
				SWIFT_OPTIMIZATION_LEVEL = "-Owholemodule";
				TARGETED_DEVICE_FAMILY = "1,2";
				VALIDATE_PRODUCT = YES;
			};
			name = Release;
		};
		9514D20C1E6EAA750069687D /* Debug */ = {
			isa = XCBuildConfiguration;
			baseConfigurationReference = C4BC513B37C8F914E7B04C26 /* Pods-Twitter.debug.xcconfig */;
			buildSettings = {
				ALWAYS_EMBED_SWIFT_STANDARD_LIBRARIES = YES;
				ASSETCATALOG_COMPILER_APPICON_NAME = AppIcon;
				DEVELOPMENT_TEAM = 3AGQWW63W5;
				INFOPLIST_FILE = Twitter/Info.plist;
				LD_RUNPATH_SEARCH_PATHS = "$(inherited) @executable_path/Frameworks";
				PRODUCT_BUNDLE_IDENTIFIER = com.abz.Twitter;
				PRODUCT_NAME = "$(TARGET_NAME)";
				SWIFT_VERSION = 3.0;
			};
			name = Debug;
		};
		9514D20D1E6EAA750069687D /* Release */ = {
			isa = XCBuildConfiguration;
			baseConfigurationReference = F318C5FC46EA3E3EA8B98E2D /* Pods-Twitter.release.xcconfig */;
			buildSettings = {
				ALWAYS_EMBED_SWIFT_STANDARD_LIBRARIES = YES;
				ASSETCATALOG_COMPILER_APPICON_NAME = AppIcon;
				DEVELOPMENT_TEAM = 3AGQWW63W5;
				INFOPLIST_FILE = Twitter/Info.plist;
				LD_RUNPATH_SEARCH_PATHS = "$(inherited) @executable_path/Frameworks";
				PRODUCT_BUNDLE_IDENTIFIER = com.abz.Twitter;
				PRODUCT_NAME = "$(TARGET_NAME)";
				SWIFT_VERSION = 3.0;
			};
			name = Release;
		};
/* End XCBuildConfiguration section */

/* Begin XCConfigurationList section */
		9514D1F41E6EAA750069687D /* Build configuration list for PBXProject "Twitter" */ = {
			isa = XCConfigurationList;
			buildConfigurations = (
				9514D2091E6EAA750069687D /* Debug */,
				9514D20A1E6EAA750069687D /* Release */,
			);
			defaultConfigurationIsVisible = 0;
			defaultConfigurationName = Release;
		};
		9514D20B1E6EAA750069687D /* Build configuration list for PBXNativeTarget "Twitter" */ = {
			isa = XCConfigurationList;
			buildConfigurations = (
				9514D20C1E6EAA750069687D /* Debug */,
				9514D20D1E6EAA750069687D /* Release */,
			);
			defaultConfigurationIsVisible = 0;
			defaultConfigurationName = Release;
		};
/* End XCConfigurationList section */
	};
	rootObject = 9514D1F11E6EAA750069687D /* Project object */;
}
